
Microsoft Visual Studio Solution File, Format Version 12.00
Project("{FAE04EC0-301F-11D3-BF4B-00C04F79EFBC}") = "DNB", "DNB\DNB.csproj", "{09DE6514-15E7-4465-8C69-A6C76BABABEF}"
EndProject
Global
	GlobalSection(SolutionConfigurationPlatforms) = preSolution
		Debug|Any CPU = Debug|Any CPU
		Release|Any CPU = Release|Any CPU
	EndGlobalSection
	GlobalSection(ProjectConfigurationPlatforms) = postSolution
		{09DE6514-15E7-4465-8C69-A6C76BABABEF}.Debug|Any CPU.ActiveCfg = Debug|Any CPU
		{09DE6514-15E7-4465-8C69-A6C76BABABEF}.Debug|Any CPU.Build.0 = Debug|Any CPU
		{09DE6514-15E7-4465-8C69-A6C76BABABEF}.Release|Any CPU.ActiveCfg = Release|Any CPU
		{09DE6514-15E7-4465-8C69-A6C76BABABEF}.Release|Any CPU.Build.0 = Release|Any CPU
	EndGlobalSection
EndGlobal
